// !$*UTF8*$!
{
	archiveVersion = 1;
	classes = {
	};
	objectVersion = 50;
	objects = {

/* Begin PBXBuildFile section */
		86A2BBF62516776F00D19679 /* AppDelegate.swift in Sources */ = {isa = PBXBuildFile; fileRef = 86A2BBF52516776F00D19679 /* AppDelegate.swift */; };
		86A2BBF82516776F00D19679 /* SceneDelegate.swift in Sources */ = {isa = PBXBuildFile; fileRef = 86A2BBF72516776F00D19679 /* SceneDelegate.swift */; };
		86A2BBFA2516776F00D19679 /* ViewController.swift in Sources */ = {isa = PBXBuildFile; fileRef = 86A2BBF92516776F00D19679 /* ViewController.swift */; };
		86A2BBFD2516776F00D19679 /* Main.storyboard in Resources */ = {isa = PBXBuildFile; fileRef = 86A2BBFB2516776F00D19679 /* Main.storyboard */; };
		86A2BBFF2516777400D19679 /* Assets.xcassets in Resources */ = {isa = PBXBuildFile; fileRef = 86A2BBFE2516777400D19679 /* Assets.xcassets */; };
		86A2BC022516777400D19679 /* LaunchScreen.storyboard in Resources */ = {isa = PBXBuildFile; fileRef = 86A2BC002516777400D19679 /* LaunchScreen.storyboard */; };
		86A2BC0D2516777400D19679 /* FlixTests.swift in Sources */ = {isa = PBXBuildFile; fileRef = 86A2BC0C2516777400D19679 /* FlixTests.swift */; };
		86A2BC182516777400D19679 /* FlixUITests.swift in Sources */ = {isa = PBXBuildFile; fileRef = 86A2BC172516777400D19679 /* FlixUITests.swift */; };
/* End PBXBuildFile section */

/* Begin PBXContainerItemProxy section */
		86A2BC092516777400D19679 /* PBXContainerItemProxy */ = {
			isa = PBXContainerItemProxy;
			containerPortal = 86A2BBEA2516776F00D19679 /* Project object */;
			proxyType = 1;
			remoteGlobalIDString = 86A2BBF12516776F00D19679;
			remoteInfo = Flix;
		};
		86A2BC142516777400D19679 /* PBXContainerItemProxy */ = {
			isa = PBXContainerItemProxy;
			containerPortal = 86A2BBEA2516776F00D19679 /* Project object */;
			proxyType = 1;
			remoteGlobalIDString = 86A2BBF12516776F00D19679;
			remoteInfo = Flix;
		};
/* End PBXContainerItemProxy section */

/* Begin PBXFileReference section */
		86A2BBF22516776F00D19679 /* Flix.app */ = {isa = PBXFileReference; explicitFileType = wrapper.application; includeInIndex = 0; path = Flix.app; sourceTree = BUILT_PRODUCTS_DIR; };
		86A2BBF52516776F00D19679 /* AppDelegate.swift */ = {isa = PBXFileReference; lastKnownFileType = sourcecode.swift; path = AppDelegate.swift; sourceTree = "<group>"; };
		86A2BBF72516776F00D19679 /* SceneDelegate.swift */ = {isa = PBXFileReference; lastKnownFileType = sourcecode.swift; path = SceneDelegate.swift; sourceTree = "<group>"; };
		86A2BBF92516776F00D19679 /* ViewController.swift */ = {isa = PBXFileReference; lastKnownFileType = sourcecode.swift; path = ViewController.swift; sourceTree = "<group>"; };
		86A2BBFC2516776F00D19679 /* Base */ = {isa = PBXFileReference; lastKnownFileType = file.storyboard; name = Base; path = Base.lproj/Main.storyboard; sourceTree = "<group>"; };
		86A2BBFE2516777400D19679 /* Assets.xcassets */ = {isa = PBXFileReference; lastKnownFileType = folder.assetcatalog; path = Assets.xcassets; sourceTree = "<group>"; };
		86A2BC012516777400D19679 /* Base */ = {isa = PBXFileReference; lastKnownFileType = file.storyboard; name = Base; path = Base.lproj/LaunchScreen.storyboard; sourceTree = "<group>"; };
		86A2BC032516777400D19679 /* Info.plist */ = {isa = PBXFileReference; lastKnownFileType = text.plist.xml; path = Info.plist; sourceTree = "<group>"; };
		86A2BC082516777400D19679 /* FlixTests.xctest */ = {isa = PBXFileReference; explicitFileType = wrapper.cfbundle; includeInIndex = 0; path = FlixTests.xctest; sourceTree = BUILT_PRODUCTS_DIR; };
		86A2BC0C2516777400D19679 /* FlixTests.swift */ = {isa = PBXFileReference; lastKnownFileType = sourcecode.swift; path = FlixTests.swift; sourceTree = "<group>"; };
		86A2BC0E2516777400D19679 /* Info.plist */ = {isa = PBXFileReference; lastKnownFileType = text.plist.xml; path = Info.plist; sourceTree = "<group>"; };
		86A2BC132516777400D19679 /* FlixUITests.xctest */ = {isa = PBXFileReference; explicitFileType = wrapper.cfbundle; includeInIndex = 0; path = FlixUITests.xctest; sourceTree = BUILT_PRODUCTS_DIR; };
		86A2BC172516777400D19679 /* FlixUITests.swift */ = {isa = PBXFileReference; lastKnownFileType = sourcecode.swift; path = FlixUITests.swift; sourceTree = "<group>"; };
		86A2BC192516777400D19679 /* Info.plist */ = {isa = PBXFileReference; lastKnownFileType = text.plist.xml; path = Info.plist; sourceTree = "<group>"; };
/* End PBXFileReference section */

/* Begin PBXFrameworksBuildPhase section */
		86A2BBEF2516776F00D19679 /* Frameworks */ = {
			isa = PBXFrameworksBuildPhase;
			buildActionMask = 2147483647;
			files = (
			);
			runOnlyForDeploymentPostprocessing = 0;
		};
		86A2BC052516777400D19679 /* Frameworks */ = {
			isa = PBXFrameworksBuildPhase;
			buildActionMask = 2147483647;
			files = (
			);
			runOnlyForDeploymentPostprocessing = 0;
		};
		86A2BC102516777400D19679 /* Frameworks */ = {
			isa = PBXFrameworksBuildPhase;
			buildActionMask = 2147483647;
			files = (
			);
			runOnlyForDeploymentPostprocessing = 0;
		};
/* End PBXFrameworksBuildPhase section */

/* Begin PBXGroup section */
		86A2BBE92516776F00D19679 = {
			isa = PBXGroup;
			children = (
				86A2BBF42516776F00D19679 /* Flix */,
				86A2BC0B2516777400D19679 /* FlixTests */,
				86A2BC162516777400D19679 /* FlixUITests */,
				86A2BBF32516776F00D19679 /* Products */,
			);
			sourceTree = "<group>";
		};
		86A2BBF32516776F00D19679 /* Products */ = {
			isa = PBXGroup;
			children = (
				86A2BBF22516776F00D19679 /* Flix.app */,
				86A2BC082516777400D19679 /* FlixTests.xctest */,
				86A2BC132516777400D19679 /* FlixUITests.xctest */,
			);
			name = Products;
			sourceTree = "<group>";
		};
		86A2BBF42516776F00D19679 /* Flix */ = {
			isa = PBXGroup;
			children = (
				86A2BBF52516776F00D19679 /* AppDelegate.swift */,
				86A2BBF72516776F00D19679 /* SceneDelegate.swift */,
				86A2BBF92516776F00D19679 /* ViewController.swift */,
				86A2BBFB2516776F00D19679 /* Main.storyboard */,
				86A2BBFE2516777400D19679 /* Assets.xcassets */,
				86A2BC002516777400D19679 /* LaunchScreen.storyboard */,
				86A2BC032516777400D19679 /* Info.plist */,
			);
			path = Flix;
			sourceTree = "<group>";
		};
		86A2BC0B2516777400D19679 /* FlixTests */ = {
			isa = PBXGroup;
			children = (
				86A2BC0C2516777400D19679 /* FlixTests.swift */,
				86A2BC0E2516777400D19679 /* Info.plist */,
			);
			path = FlixTests;
			sourceTree = "<group>";
		};
		86A2BC162516777400D19679 /* FlixUITests */ = {
			isa = PBXGroup;
			children = (
				86A2BC172516777400D19679 /* FlixUITests.swift */,
				86A2BC192516777400D19679 /* Info.plist */,
			);
			path = FlixUITests;
			sourceTree = "<group>";
		};
/* End PBXGroup section */

/* Begin PBXNativeTarget section */
		86A2BBF12516776F00D19679 /* Flix */ = {
			isa = PBXNativeTarget;
			buildConfigurationList = 86A2BC1C2516777400D19679 /* Build configuration list for PBXNativeTarget "Flix" */;
			buildPhases = (
				86A2BBEE2516776F00D19679 /* Sources */,
				86A2BBEF2516776F00D19679 /* Frameworks */,
				86A2BBF02516776F00D19679 /* Resources */,
			);
			buildRules = (
			);
			dependencies = (
			);
			name = Flix;
			productName = Flix;
			productReference = 86A2BBF22516776F00D19679 /* Flix.app */;
			productType = "com.apple.product-type.application";
		};
		86A2BC072516777400D19679 /* FlixTests */ = {
			isa = PBXNativeTarget;
			buildConfigurationList = 86A2BC1F2516777400D19679 /* Build configuration list for PBXNativeTarget "FlixTests" */;
			buildPhases = (
				86A2BC042516777400D19679 /* Sources */,
				86A2BC052516777400D19679 /* Frameworks */,
				86A2BC062516777400D19679 /* Resources */,
			);
			buildRules = (
			);
			dependencies = (
				86A2BC0A2516777400D19679 /* PBXTargetDependency */,
			);
			name = FlixTests;
			productName = FlixTests;
			productReference = 86A2BC082516777400D19679 /* FlixTests.xctest */;
			productType = "com.apple.product-type.bundle.unit-test";
		};
		86A2BC122516777400D19679 /* FlixUITests */ = {
			isa = PBXNativeTarget;
			buildConfigurationList = 86A2BC222516777400D19679 /* Build configuration list for PBXNativeTarget "FlixUITests" */;
			buildPhases = (
				86A2BC0F2516777400D19679 /* Sources */,
				86A2BC102516777400D19679 /* Frameworks */,
				86A2BC112516777400D19679 /* Resources */,
			);
			buildRules = (
			);
			dependencies = (
				86A2BC152516777400D19679 /* PBXTargetDependency */,
			);
			name = FlixUITests;
			productName = FlixUITests;
			productReference = 86A2BC132516777400D19679 /* FlixUITests.xctest */;
			productType = "com.apple.product-type.bundle.ui-testing";
		};
/* End PBXNativeTarget section */

/* Begin PBXProject section */
		86A2BBEA2516776F00D19679 /* Project object */ = {
			isa = PBXProject;
			attributes = {
				LastSwiftUpdateCheck = 1160;
				LastUpgradeCheck = 1160;
				ORGANIZATIONNAME = CodePath;
				TargetAttributes = {
					86A2BBF12516776F00D19679 = {
						CreatedOnToolsVersion = 11.6;
					};
					86A2BC072516777400D19679 = {
						CreatedOnToolsVersion = 11.6;
						TestTargetID = 86A2BBF12516776F00D19679;
					};
					86A2BC122516777400D19679 = {
						CreatedOnToolsVersion = 11.6;
						TestTargetID = 86A2BBF12516776F00D19679;
					};
				};
			};
			buildConfigurationList = 86A2BBED2516776F00D19679 /* Build configuration list for PBXProject "Flix" */;
			compatibilityVersion = "Xcode 9.3";
			developmentRegion = en;
			hasScannedForEncodings = 0;
			knownRegions = (
				en,
				Base,
			);
			mainGroup = 86A2BBE92516776F00D19679;
			productRefGroup = 86A2BBF32516776F00D19679 /* Products */;
			projectDirPath = "";
			projectRoot = "";
			targets = (
				86A2BBF12516776F00D19679 /* Flix */,
				86A2BC072516777400D19679 /* FlixTests */,
				86A2BC122516777400D19679 /* FlixUITests */,
			);
		};
/* End PBXProject section */

/* Begin PBXResourcesBuildPhase section */
		86A2BBF02516776F00D19679 /* Resources */ = {
			isa = PBXResourcesBuildPhase;
			buildActionMask = 2147483647;
			files = (
				86A2BC022516777400D19679 /* LaunchScreen.storyboard in Resources */,
				86A2BBFF2516777400D19679 /* Assets.xcassets in Resources */,
				86A2BBFD2516776F00D19679 /* Main.storyboard in Resources */,
			);
			runOnlyForDeploymentPostprocessing = 0;
		};
		86A2BC062516777400D19679 /* Resources */ = {
			isa = PBXResourcesBuildPhase;
			buildActionMask = 2147483647;
			files = (
			);
			runOnlyForDeploymentPostprocessing = 0;
		};
		86A2BC112516777400D19679 /* Resources */ = {
			isa = PBXResourcesBuildPhase;
			buildActionMask = 2147483647;
			files = (
			);
			runOnlyForDeploymentPostprocessing = 0;
		};
/* End PBXResourcesBuildPhase section */

/* Begin PBXSourcesBuildPhase section */
		86A2BBEE2516776F00D19679 /* Sources */ = {
			isa = PBXSourcesBuildPhase;
			buildActionMask = 2147483647;
			files = (
				86A2BBFA2516776F00D19679 /* ViewController.swift in Sources */,
				86A2BBF62516776F00D19679 /* AppDelegate.swift in Sources */,
				86A2BBF82516776F00D19679 /* SceneDelegate.swift in Sources */,
			);
			runOnlyForDeploymentPostprocessing = 0;
		};
		86A2BC042516777400D19679 /* Sources */ = {
			isa = PBXSourcesBuildPhase;
			buildActionMask = 2147483647;
			files = (
				86A2BC0D2516777400D19679 /* FlixTests.swift in Sources */,
			);
			runOnlyForDeploymentPostprocessing = 0;
		};
		86A2BC0F2516777400D19679 /* Sources */ = {
			isa = PBXSourcesBuildPhase;
			buildActionMask = 2147483647;
			files = (
				86A2BC182516777400D19679 /* FlixUITests.swift in Sources */,
			);
			runOnlyForDeploymentPostprocessing = 0;
		};
/* End PBXSourcesBuildPhase section */

/* Begin PBXTargetDependency section */
		86A2BC0A2516777400D19679 /* PBXTargetDependency */ = {
			isa = PBXTargetDependency;
			target = 86A2BBF12516776F00D19679 /* Flix */;
			targetProxy = 86A2BC092516777400D19679 /* PBXContainerItemProxy */;
		};
		86A2BC152516777400D19679 /* PBXTargetDependency */ = {
			isa = PBXTargetDependency;
			target = 86A2BBF12516776F00D19679 /* Flix */;
			targetProxy = 86A2BC142516777400D19679 /* PBXContainerItemProxy */;
		};
/* End PBXTargetDependency section */

/* Begin PBXVariantGroup section */
		86A2BBFB2516776F00D19679 /* Main.storyboard */ = {
			isa = PBXVariantGroup;
			children = (
				86A2BBFC2516776F00D19679 /* Base */,
			);
			name = Main.storyboard;
			sourceTree = "<group>";
		};
		86A2BC002516777400D19679 /* LaunchScreen.storyboard */ = {
			isa = PBXVariantGroup;
			children = (
				86A2BC012516777400D19679 /* Base */,
			);
			name = LaunchScreen.storyboard;
			sourceTree = "<group>";
		};
/* End PBXVariantGroup section */

/* Begin XCBuildConfiguration section */
		86A2BC1A2516777400D19679 /* Debug */ = {
			isa = XCBuildConfiguration;
			buildSettings = {
				ALWAYS_SEARCH_USER_PATHS = NO;
				CLANG_ANALYZER_NONNULL = YES;
				CLANG_ANALYZER_NUMBER_OBJECT_CONVERSION = YES_AGGRESSIVE;
				CLANG_CXX_LANGUAGE_STANDARD = "gnu++14";
				CLANG_CXX_LIBRARY = "libc++";
				CLANG_ENABLE_MODULES = YES;
				CLANG_ENABLE_OBJC_ARC = YES;
				CLANG_ENABLE_OBJC_WEAK = YES;
				CLANG_WARN_BLOCK_CAPTURE_AUTORELEASING = YES;
				CLANG_WARN_BOOL_CONVERSION = YES;
				CLANG_WARN_COMMA = YES;
				CLANG_WARN_CONSTANT_CONVERSION = YES;
				CLANG_WARN_DEPRECATED_OBJC_IMPLEMENTATIONS = YES;
				CLANG_WARN_DIRECT_OBJC_ISA_USAGE = YES_ERROR;
				CLANG_WARN_DOCUMENTATION_COMMENTS = YES;
				CLANG_WARN_EMPTY_BODY = YES;
				CLANG_WARN_ENUM_CONVERSION = YES;
				CLANG_WARN_INFINITE_RECURSION = YES;
				CLANG_WARN_INT_CONVERSION = YES;
				CLANG_WARN_NON_LITERAL_NULL_CONVERSION = YES;
				CLANG_WARN_OBJC_IMPLICIT_RETAIN_SELF = YES;
				CLANG_WARN_OBJC_LITERAL_CONVERSION = YES;
				CLANG_WARN_OBJC_ROOT_CLASS = YES_ERROR;
				CLANG_WARN_RANGE_LOOP_ANALYSIS = YES;
				CLANG_WARN_STRICT_PROTOTYPES = YES;
				CLANG_WARN_SUSPICIOUS_MOVE = YES;
				CLANG_WARN_UNGUARDED_AVAILABILITY = YES_AGGRESSIVE;
				CLANG_WARN_UNREACHABLE_CODE = YES;
				CLANG_WARN__DUPLICATE_METHOD_MATCH = YES;
				COPY_PHASE_STRIP = NO;
				DEBUG_INFORMATION_FORMAT = dwarf;
				ENABLE_STRICT_OBJC_MSGSEND = YES;
				ENABLE_TESTABILITY = YES;
				GCC_C_LANGUAGE_STANDARD = gnu11;
				GCC_DYNAMIC_NO_PIC = NO;
				GCC_NO_COMMON_BLOCKS = YES;
				GCC_OPTIMIZATION_LEVEL = 0;
				GCC_PREPROCESSOR_DEFINITIONS = (
					"DEBUG=1",
					"$(inherited)",
				);
				GCC_WARN_64_TO_32_BIT_CONVERSION = YES;
				GCC_WARN_ABOUT_RETURN_TYPE = YES_ERROR;
				GCC_WARN_UNDECLARED_SELECTOR = YES;
				GCC_WARN_UNINITIALIZED_AUTOS = YES_AGGRESSIVE;
				GCC_WARN_UNUSED_FUNCTION = YES;
				GCC_WARN_UNUSED_VARIABLE = YES;
				IPHONEOS_DEPLOYMENT_TARGET = 13.6;
				MTL_ENABLE_DEBUG_INFO = INCLUDE_SOURCE;
				MTL_FAST_MATH = YES;
				ONLY_ACTIVE_ARCH = YES;
				SDKROOT = iphoneos;
				SWIFT_ACTIVE_COMPILATION_CONDITIONS = DEBUG;
				SWIFT_OPTIMIZATION_LEVEL = "-Onone";
			};
			name = Debug;
		};
		86A2BC1B2516777400D19679 /* Release */ = {
			isa = XCBuildConfiguration;
			buildSettings = {
				ALWAYS_SEARCH_USER_PATHS = NO;
				CLANG_ANALYZER_NONNULL = YES;
				CLANG_ANALYZER_NUMBER_OBJECT_CONVERSION = YES_AGGRESSIVE;
				CLANG_CXX_LANGUAGE_STANDARD = "gnu++14";
				CLANG_CXX_LIBRARY = "libc++";
				CLANG_ENABLE_MODULES = YES;
				CLANG_ENABLE_OBJC_ARC = YES;
				CLANG_ENABLE_OBJC_WEAK = YES;
				CLANG_WARN_BLOCK_CAPTURE_AUTORELEASING = YES;
				CLANG_WARN_BOOL_CONVERSION = YES;
				CLANG_WARN_COMMA = YES;
				CLANG_WARN_CONSTANT_CONVERSION = YES;
				CLANG_WARN_DEPRECATED_OBJC_IMPLEMENTATIONS = YES;
				CLANG_WARN_DIRECT_OBJC_ISA_USAGE = YES_ERROR;
				CLANG_WARN_DOCUMENTATION_COMMENTS = YES;
				CLANG_WARN_EMPTY_BODY = YES;
				CLANG_WARN_ENUM_CONVERSION = YES;
				CLANG_WARN_INFINITE_RECURSION = YES;
				CLANG_WARN_INT_CONVERSION = YES;
				CLANG_WARN_NON_LITERAL_NULL_CONVERSION = YES;
				CLANG_WARN_OBJC_IMPLICIT_RETAIN_SELF = YES;
				CLANG_WARN_OBJC_LITERAL_CONVERSION = YES;
				CLANG_WARN_OBJC_ROOT_CLASS = YES_ERROR;
				CLANG_WARN_RANGE_LOOP_ANALYSIS = YES;
				CLANG_WARN_STRICT_PROTOTYPES = YES;
				CLANG_WARN_SUSPICIOUS_MOVE = YES;
				CLANG_WARN_UNGUARDED_AVAILABILITY = YES_AGGRESSIVE;
				CLANG_WARN_UNREACHABLE_CODE = YES;
				CLANG_WARN__DUPLICATE_METHOD_MATCH = YES;
				COPY_PHASE_STRIP = NO;
				DEBUG_INFORMATION_FORMAT = "dwarf-with-dsym";
				ENABLE_NS_ASSERTIONS = NO;
				ENABLE_STRICT_OBJC_MSGSEND = YES;
				GCC_C_LANGUAGE_STANDARD = gnu11;
				GCC_NO_COMMON_BLOCKS = YES;
				GCC_WARN_64_TO_32_BIT_CONVERSION = YES;
				GCC_WARN_ABOUT_RETURN_TYPE = YES_ERROR;
				GCC_WARN_UNDECLARED_SELECTOR = YES;
				GCC_WARN_UNINITIALIZED_AUTOS = YES_AGGRESSIVE;
				GCC_WARN_UNUSED_FUNCTION = YES;
				GCC_WARN_UNUSED_VARIABLE = YES;
				IPHONEOS_DEPLOYMENT_TARGET = 13.6;
				MTL_ENABLE_DEBUG_INFO = NO;
				MTL_FAST_MATH = YES;
				SDKROOT = iphoneos;
				SWIFT_COMPILATION_MODE = wholemodule;
				SWIFT_OPTIMIZATION_LEVEL = "-O";
				VALIDATE_PRODUCT = YES;
			};
			name = Release;
		};
		86A2BC1D2516777400D19679 /* Debug */ = {
			isa = XCBuildConfiguration;
			buildSettings = {
				ASSETCATALOG_COMPILER_APPICON_NAME = AppIcon;
				CODE_SIGN_STYLE = Automatic;
				INFOPLIST_FILE = Flix/Info.plist;
				LD_RUNPATH_SEARCH_PATHS = (
					"$(inherited)",
					"@executable_path/Frameworks",
				);
				PRODUCT_BUNDLE_IDENTIFIER = codepath.Flix;
				PRODUCT_NAME = "$(TARGET_NAME)";
				SWIFT_VERSION = 5.0;
				TARGETED_DEVICE_FAMILY = "1,2";
			};
			name = Debug;
		};
		86A2BC1E2516777400D19679 /* Release */ = {
			isa = XCBuildConfiguration;
			buildSettings = {
				ASSETCATALOG_COMPILER_APPICON_NAME = AppIcon;
				CODE_SIGN_STYLE = Automatic;
				INFOPLIST_FILE = Flix/Info.plist;
				LD_RUNPATH_SEARCH_PATHS = (
					"$(inherited)",
					"@executable_path/Frameworks",
				);
				PRODUCT_BUNDLE_IDENTIFIER = codepath.Flix;
				PRODUCT_NAME = "$(TARGET_NAME)";
				SWIFT_VERSION = 5.0;
				TARGETED_DEVICE_FAMILY = "1,2";
			};
			name = Release;
		};
		86A2BC202516777400D19679 /* Debug */ = {
			isa = XCBuildConfiguration;
			buildSettings = {
				ALWAYS_EMBED_SWIFT_STANDARD_LIBRARIES = YES;
				BUNDLE_LOADER = "$(TEST_HOST)";
				CODE_SIGN_STYLE = Automatic;
				INFOPLIST_FILE = FlixTests/Info.plist;
				IPHONEOS_DEPLOYMENT_TARGET = 13.6;
				LD_RUNPATH_SEARCH_PATHS = (
					"$(inherited)",
					"@executable_path/Frameworks",
					"@loader_path/Frameworks",
				);
				PRODUCT_BUNDLE_IDENTIFIER = codepath.FlixTests;
				PRODUCT_NAME = "$(TARGET_NAME)";
				SWIFT_VERSION = 5.0;
				TARGETED_DEVICE_FAMILY = "1,2";
				TEST_HOST = "$(BUILT_PRODUCTS_DIR)/Flix.app/Flix";
			};
			name = Debug;
		};
		86A2BC212516777400D19679 /* Release */ = {
			isa = XCBuildConfiguration;
			buildSettings = {
				ALWAYS_EMBED_SWIFT_STANDARD_LIBRARIES = YES;
				BUNDLE_LOADER = "$(TEST_HOST)";
				CODE_SIGN_STYLE = Automatic;
				INFOPLIST_FILE = FlixTests/Info.plist;
				IPHONEOS_DEPLOYMENT_TARGET = 13.6;
				LD_RUNPATH_SEARCH_PATHS = (
					"$(inherited)",
					"@executable_path/Frameworks",
					"@loader_path/Frameworks",
				);
				PRODUCT_BUNDLE_IDENTIFIER = codepath.FlixTests;
				PRODUCT_NAME = "$(TARGET_NAME)";
				SWIFT_VERSION = 5.0;
				TARGETED_DEVICE_FAMILY = "1,2";
				TEST_HOST = "$(BUILT_PRODUCTS_DIR)/Flix.app/Flix";
			};
			name = Release;
		};
		86A2BC232516777400D19679 /* Debug */ = {
			isa = XCBuildConfiguration;
			buildSettings = {
				ALWAYS_EMBED_SWIFT_STANDARD_LIBRARIES = YES;
				CODE_SIGN_STYLE = Automatic;
				INFOPLIST_FILE = FlixUITests/Info.plist;
				LD_RUNPATH_SEARCH_PATHS = (
					"$(inherited)",
					"@executable_path/Frameworks",
					"@loader_path/Frameworks",
				);
				PRODUCT_BUNDLE_IDENTIFIER = codepath.FlixUITests;
				PRODUCT_NAME = "$(TARGET_NAME)";
				SWIFT_VERSION = 5.0;
				TARGETED_DEVICE_FAMILY = "1,2";
				TEST_TARGET_NAME = Flix;
			};
			name = Debug;
		};
		86A2BC242516777400D19679 /* Release */ = {
			isa = XCBuildConfiguration;
			buildSettings = {
				ALWAYS_EMBED_SWIFT_STANDARD_LIBRARIES = YES;
				CODE_SIGN_STYLE = Automatic;
				INFOPLIST_FILE = FlixUITests/Info.plist;
				LD_RUNPATH_SEARCH_PATHS = (
					"$(inherited)",
					"@executable_path/Frameworks",
					"@loader_path/Frameworks",
				);
				PRODUCT_BUNDLE_IDENTIFIER = codepath.FlixUITests;
				PRODUCT_NAME = "$(TARGET_NAME)";
				SWIFT_VERSION = 5.0;
				TARGETED_DEVICE_FAMILY = "1,2";
				TEST_TARGET_NAME = Flix;
			};
			name = Release;
		};
/* End XCBuildConfiguration section */

/* Begin XCConfigurationList section */
		86A2BBED2516776F00D19679 /* Build configuration list for PBXProject "Flix" */ = {
			isa = XCConfigurationList;
			buildConfigurations = (
				86A2BC1A2516777400D19679 /* Debug */,
				86A2BC1B2516777400D19679 /* Release */,
			);
			defaultConfigurationIsVisible = 0;
			defaultConfigurationName = Release;
		};
		86A2BC1C2516777400D19679 /* Build configuration list for PBXNativeTarget "Flix" */ = {
			isa = XCConfigurationList;
			buildConfigurations = (
				86A2BC1D2516777400D19679 /* Debug */,
				86A2BC1E2516777400D19679 /* Release */,
			);
			defaultConfigurationIsVisible = 0;
			defaultConfigurationName = Release;
		};
		86A2BC1F2516777400D19679 /* Build configuration list for PBXNativeTarget "FlixTests" */ = {
			isa = XCConfigurationList;
			buildConfigurations = (
				86A2BC202516777400D19679 /* Debug */,
				86A2BC212516777400D19679 /* Release */,
			);
			defaultConfigurationIsVisible = 0;
			defaultConfigurationName = Release;
		};
		86A2BC222516777400D19679 /* Build configuration list for PBXNativeTarget "FlixUITests" */ = {
			isa = XCConfigurationList;
			buildConfigurations = (
				86A2BC232516777400D19679 /* Debug */,
				86A2BC242516777400D19679 /* Release */,
			);
			defaultConfigurationIsVisible = 0;
			defaultConfigurationName = Release;
		};
/* End XCConfigurationList section */
	};
	rootObject = 86A2BBEA2516776F00D19679 /* Project object */;
}
